// !$*UTF8*$!
{
	archiveVersion = 1;
	classes = {
	};
	objectVersion = 48;
	objects = {

/* Begin PBXBuildFile section */
		16013C7920B214460043EA29 /* AudioBubleView.swift in Sources */ = {isa = PBXBuildFile; fileRef = 16013C7820B214460043EA29 /* AudioBubleView.swift */; };
		16013C7B20B2C18B0043EA29 /* AudioMessageCollectionViewCellDefaultStyle.swift in Sources */ = {isa = PBXBuildFile; fileRef = 16013C7A20B2C18B0043EA29 /* AudioMessageCollectionViewCellDefaultStyle.swift */; };
		16013C7D20B2C8110043EA29 /* AudioMessageCollectionViewCell.swift in Sources */ = {isa = PBXBuildFile; fileRef = 16013C7C20B2C8110043EA29 /* AudioMessageCollectionViewCell.swift */; };
		16013C7F20B2C99C0043EA29 /* AudioMessagePresenter.swift in Sources */ = {isa = PBXBuildFile; fileRef = 16013C7E20B2C99C0043EA29 /* AudioMessagePresenter.swift */; };
		16013C8120B2CA760043EA29 /* AudioMessagePresenterBuilder.swift in Sources */ = {isa = PBXBuildFile; fileRef = 16013C8020B2CA760043EA29 /* AudioMessagePresenterBuilder.swift */; };
		16013C8320B30A180043EA29 /* DemoAudioMessageViewModel.swift in Sources */ = {isa = PBXBuildFile; fileRef = 16013C8220B30A180043EA29 /* DemoAudioMessageViewModel.swift */; };
		16177AA620C01F5C0050BB31 /* ChannelType.swift in Sources */ = {isa = PBXBuildFile; fileRef = 16177AA520C01F5C0050BB31 /* ChannelType.swift */; };
		161F9B8F20C5350C00878515 /* ChatParticipants.storyboard in Resources */ = {isa = PBXBuildFile; fileRef = 161F9B8E20C5350C00878515 /* ChatParticipants.storyboard */; };
		161F9B9120C5354200878515 /* ChatParticipantsController.swift in Sources */ = {isa = PBXBuildFile; fileRef = 161F9B9020C5354200878515 /* ChatParticipantsController.swift */; };
		161F9B9320C53F4500878515 /* ChatParticipantsCell.swift in Sources */ = {isa = PBXBuildFile; fileRef = 161F9B9220C53F4500878515 /* ChatParticipantsCell.swift */; };
		1621B8491FB333B100D1ABC1 /* VirgilMessenger.xcdatamodeld in Sources */ = {isa = PBXBuildFile; fileRef = 1621B8471FB333B100D1ABC1 /* VirgilMessenger.xcdatamodeld */; };
		1627723F203C5FB00086127C /* CoreDataHelper+Account.swift in Sources */ = {isa = PBXBuildFile; fileRef = 1627723E203C5FB00086127C /* CoreDataHelper+Account.swift */; };
		16277242203C60DB0086127C /* CoreDataHelper+Channel.swift in Sources */ = {isa = PBXBuildFile; fileRef = 16277241203C60DB0086127C /* CoreDataHelper+Channel.swift */; };
		16277244203C62040086127C /* CoreDataHelper+Messages.swift in Sources */ = {isa = PBXBuildFile; fileRef = 16277243203C62040086127C /* CoreDataHelper+Messages.swift */; };
		163C9EB42109FE320096A751 /* UITextView+ZeroPaddings.swift in Sources */ = {isa = PBXBuildFile; fileRef = 163C9EB32109FE320096A751 /* UITextView+ZeroPaddings.swift */; };
		1644C07920B720F000073D99 /* View.xcassets in Resources */ = {isa = PBXBuildFile; fileRef = 1644C07820B720F000073D99 /* View.xcassets */; };
		1644C07B20B85AC500073D99 /* DemoPhotosChatInputItem.swift in Sources */ = {isa = PBXBuildFile; fileRef = 1644C07A20B85AC500073D99 /* DemoPhotosChatInputItem.swift */; };
		164E172E20AAEE3700AB1AAD /* AudioMessageModel.swift in Sources */ = {isa = PBXBuildFile; fileRef = 164E172D20AAEE3700AB1AAD /* AudioMessageModel.swift */; };
		164E173020AAEECD00AB1AAD /* DemoAudioMessageModel.swift in Sources */ = {isa = PBXBuildFile; fileRef = 164E172F20AAEECD00AB1AAD /* DemoAudioMessageModel.swift */; };
		164E173220AAEF1900AB1AAD /* DemoAudioMessageHandler.swift in Sources */ = {isa = PBXBuildFile; fileRef = 164E173120AAEF1900AB1AAD /* DemoAudioMessageHandler.swift */; };
		164E173520AB0BE600AB1AAD /* AudioMessageViewModel.swift in Sources */ = {isa = PBXBuildFile; fileRef = 164E173420AB0BE600AB1AAD /* AudioMessageViewModel.swift */; };
		164E173820AB1BED00AB1AAD /* AudioChatInputItem.swift in Sources */ = {isa = PBXBuildFile; fileRef = 164E173720AB1BED00AB1AAD /* AudioChatInputItem.swift */; };
		164E173A20AB1C6400AB1AAD /* Audio.xcassets in Resources */ = {isa = PBXBuildFile; fileRef = 164E173920AB1C6400AB1AAD /* Audio.xcassets */; };
		164E173C20AB297900AB1AAD /* AudioInputView.swift in Sources */ = {isa = PBXBuildFile; fileRef = 164E173B20AB297900AB1AAD /* AudioInputView.swift */; };
		1658BA181FD97497005EF9C1 /* Utils+Date.swift in Sources */ = {isa = PBXBuildFile; fileRef = 1658BA171FD97497005EF9C1 /* Utils+Date.swift */; };
		1658BA1D1FD9A8BC005EF9C1 /* InputBar.swift in Sources */ = {isa = PBXBuildFile; fileRef = 1658BA1C1FD9A8BC005EF9C1 /* InputBar.swift */; };
		1658BA211FD9B08F005EF9C1 /* InputBar.xib in Resources */ = {isa = PBXBuildFile; fileRef = 1658BA201FD9B08F005EF9C1 /* InputBar.xib */; };
		16638EDB20BD98FF00D051B7 /* VirgilCryptoAPI.framework in Frameworks */ = {isa = PBXBuildFile; fileRef = 1627E4CF20BD522400D0AF36 /* VirgilCryptoAPI.framework */; };
		166D3E5E1FB495F90032BAAD /* CoreDataHelper.swift in Sources */ = {isa = PBXBuildFile; fileRef = 166D3E5D1FB495F90032BAAD /* CoreDataHelper.swift */; };
		167C49CE20BD577A006B49B7 /* VirgilCrypto.framework in Frameworks */ = {isa = PBXBuildFile; fileRef = 429228CA1F96287A00DCECDF /* VirgilCrypto.framework */; };
		167C68451FADDB7800E6E448 /* VirgilHelper.swift in Sources */ = {isa = PBXBuildFile; fileRef = 167C68441FADDB7800E6E448 /* VirgilHelper.swift */; };
		16961B56203B03720084086E /* VirgilHelper+Authentication.swift in Sources */ = {isa = PBXBuildFile; fileRef = 16961B55203B03720084086E /* VirgilHelper+Authentication.swift */; };
		16961B58203B04790084086E /* VirgilHelper+SignIn.swift in Sources */ = {isa = PBXBuildFile; fileRef = 16961B57203B04790084086E /* VirgilHelper+SignIn.swift */; };
		16961B5A203B04A90084086E /* VirgilHelper+SignUp.swift in Sources */ = {isa = PBXBuildFile; fileRef = 16961B59203B04A90084086E /* VirgilHelper+SignUp.swift */; };
		1696ADC720A0766600EF8C0D /* Utils+SafeSubscript.swift in Sources */ = {isa = PBXBuildFile; fileRef = 1696ADC620A0766600EF8C0D /* Utils+SafeSubscript.swift */; };
		16AE1D7A2044315B005DF777 /* DemoPhotoMessageModel.swift in Sources */ = {isa = PBXBuildFile; fileRef = 16AE1D772044315B005DF777 /* DemoPhotoMessageModel.swift */; };
		16AE1D7B2044315B005DF777 /* DemoPhotoMessageHandler.swift in Sources */ = {isa = PBXBuildFile; fileRef = 16AE1D782044315B005DF777 /* DemoPhotoMessageHandler.swift */; };
		16B69E0E1FA9D70C00FE8A8D /* Authentication.storyboard in Resources */ = {isa = PBXBuildFile; fileRef = 16B69E0D1FA9D70C00FE8A8D /* Authentication.storyboard */; };
		16BD40CB2147FCE700CE19AC /* UIImage+Resize.swift in Sources */ = {isa = PBXBuildFile; fileRef = 16BD40CA2147FCE700CE19AC /* UIImage+Resize.swift */; };
		16CA51021FC45E9A0042AF9D /* Start.swift in Sources */ = {isa = PBXBuildFile; fileRef = 16CA51011FC45E9A0042AF9D /* Start.swift */; };
		16CA51041FC45EA40042AF9D /* Start.storyboard in Resources */ = {isa = PBXBuildFile; fileRef = 16CA51031FC45EA40042AF9D /* Start.storyboard */; };
		16CA51061FC468370042AF9D /* Constants.swift in Sources */ = {isa = PBXBuildFile; fileRef = 16CA51051FC468370042AF9D /* Constants.swift */; };
		16CA51101FC5D9960042AF9D /* Settings.storyboard in Resources */ = {isa = PBXBuildFile; fileRef = 16CA510F1FC5D9960042AF9D /* Settings.storyboard */; };
		16CA51131FC5DA3B0042AF9D /* SettingsViewController.swift in Sources */ = {isa = PBXBuildFile; fileRef = 16CA51121FC5DA3B0042AF9D /* SettingsViewController.swift */; };
		16CDE19E20C95B5F00D6430B /* VSCCrypto.framework in Frameworks */ = {isa = PBXBuildFile; fileRef = 16CDE19D20C95B5F00D6430B /* VSCCrypto.framework */; };
		16D6CB3A1FDFEECC00302A05 /* Registration.storyboard in Resources */ = {isa = PBXBuildFile; fileRef = 16D6CB391FDFEECC00302A05 /* Registration.storyboard */; };
		16F30D4B1FDAE190006C3DEB /* AuthenticationViewController.swift in Sources */ = {isa = PBXBuildFile; fileRef = 16F30D4A1FDAE190006C3DEB /* AuthenticationViewController.swift */; };
		16F30D4D1FDAE6E6006C3DEB /* CollectionViewController.swift in Sources */ = {isa = PBXBuildFile; fileRef = 16F30D4C1FDAE6E6006C3DEB /* CollectionViewController.swift */; };
		16F30D4F1FDAE91D006C3DEB /* CollectionViewCell.swift in Sources */ = {isa = PBXBuildFile; fileRef = 16F30D4E1FDAE91D006C3DEB /* CollectionViewCell.swift */; };
		16F6FC721FAA235400158615 /* RegistrationViewController.swift in Sources */ = {isa = PBXBuildFile; fileRef = 16F6FC711FAA235300158615 /* RegistrationViewController.swift */; };
		16F8BC871FAA06040020094B /* TwilioChatClient.framework in CopyFiles */ = {isa = PBXBuildFile; fileRef = 429228D11F96324B00DCECDF /* TwilioChatClient.framework */; settings = {ATTRIBUTES = (CodeSignOnCopy, RemoveHeadersOnCopy, ); }; };
		16FA91051FFC55A400FE98C7 /* NSObject+Reachability.swift in Sources */ = {isa = PBXBuildFile; fileRef = 16FA91041FFC55A400FE98C7 /* NSObject+Reachability.swift */; };
		16FB2DCC204D806E00346FA0 /* DemoPhotoMessageViewModel.swift in Sources */ = {isa = PBXBuildFile; fileRef = 16FB2DCB204D806E00346FA0 /* DemoPhotoMessageViewModel.swift */; };
		16FB2DCE204D832F00346FA0 /* TwilioHelper+Channel.swift in Sources */ = {isa = PBXBuildFile; fileRef = 16FB2DCD204D832F00346FA0 /* TwilioHelper+Channel.swift */; };
		16FB2DD1204D846900346FA0 /* TwilioHelper+Message.swift in Sources */ = {isa = PBXBuildFile; fileRef = 16FB2DD0204D846900346FA0 /* TwilioHelper+Message.swift */; };
		16FB2DD3204D875400346FA0 /* UIView+Gradient.swift in Sources */ = {isa = PBXBuildFile; fileRef = 16FB2DD2204D875400346FA0 /* UIView+Gradient.swift */; };
		16FB2DD5204D87F200346FA0 /* UIColor+RGB.swift in Sources */ = {isa = PBXBuildFile; fileRef = 16FB2DD4204D87F200346FA0 /* UIColor+RGB.swift */; };
		16FCF27E1FE46756000348BC /* Channel+CoreDataClass.swift in Sources */ = {isa = PBXBuildFile; fileRef = 16FCF27A1FE46756000348BC /* Channel+CoreDataClass.swift */; };
		16FCF27F1FE46756000348BC /* Channel+CoreDataProperties.swift in Sources */ = {isa = PBXBuildFile; fileRef = 16FCF27B1FE46756000348BC /* Channel+CoreDataProperties.swift */; };
		16FCF2801FE46756000348BC /* Account+CoreDataClass.swift in Sources */ = {isa = PBXBuildFile; fileRef = 16FCF27C1FE46756000348BC /* Account+CoreDataClass.swift */; };
		16FCF2811FE46756000348BC /* Account+CoreDataProperties.swift in Sources */ = {isa = PBXBuildFile; fileRef = 16FCF27D1FE46756000348BC /* Account+CoreDataProperties.swift */; };
		423BDA791F97600A00C3EE9B /* ChatListCell.xib in Resources */ = {isa = PBXBuildFile; fileRef = 423BDA771F97600A00C3EE9B /* ChatListCell.xib */; };
		423BDA7A1F97600A00C3EE9B /* ChatList.storyboard in Resources */ = {isa = PBXBuildFile; fileRef = 423BDA781F97600A00C3EE9B /* ChatList.storyboard */; };
		423BDA7C1F97601700C3EE9B /* ChatListViewController.swift in Sources */ = {isa = PBXBuildFile; fileRef = 423BDA7B1F97601700C3EE9B /* ChatListViewController.swift */; };
		423BDA7E1F97602F00C3EE9B /* ChatListCell.swift in Sources */ = {isa = PBXBuildFile; fileRef = 423BDA7D1F97602F00C3EE9B /* ChatListCell.swift */; };
		423BDA841F97774F00C3EE9B /* Connection.swift in Sources */ = {isa = PBXBuildFile; fileRef = 423BDA801F97774F00C3EE9B /* Connection.swift */; };
		423BDA851F97774F00C3EE9B /* ServiceConnection.swift in Sources */ = {isa = PBXBuildFile; fileRef = 423BDA811F97774F00C3EE9B /* ServiceConnection.swift */; };
		423BDA861F97774F00C3EE9B /* ServiceRequest.swift in Sources */ = {isa = PBXBuildFile; fileRef = 423BDA821F97774F00C3EE9B /* ServiceRequest.swift */; };
		423BDA871F97774F00C3EE9B /* ServiceResponse.swift in Sources */ = {isa = PBXBuildFile; fileRef = 423BDA831F97774F00C3EE9B /* ServiceResponse.swift */; };
		427D1E541F965569002F2CF3 /* DataSource.swift in Sources */ = {isa = PBXBuildFile; fileRef = 427D1E521F965568002F2CF3 /* DataSource.swift */; };
		427D1E551F965569002F2CF3 /* SlidingDatasSource.swift in Sources */ = {isa = PBXBuildFile; fileRef = 427D1E531F965569002F2CF3 /* SlidingDatasSource.swift */; };
		427D1E571F9656BB002F2CF3 /* DemoTextMessageViewModel.swift in Sources */ = {isa = PBXBuildFile; fileRef = 427D1E561F9656BB002F2CF3 /* DemoTextMessageViewModel.swift */; };
		4280C0CC1F97340B00075B3A /* MessageFactory.swift in Sources */ = {isa = PBXBuildFile; fileRef = 4280C0C81F97340A00075B3A /* MessageFactory.swift */; };
		4280C0CD1F97340B00075B3A /* ChatItemsDemoDecorator.swift in Sources */ = {isa = PBXBuildFile; fileRef = 4280C0C91F97340B00075B3A /* ChatItemsDemoDecorator.swift */; };
		4280C0CE1F97340B00075B3A /* BaseMessageHandler.swift in Sources */ = {isa = PBXBuildFile; fileRef = 4280C0CA1F97340B00075B3A /* BaseMessageHandler.swift */; };
		4280C0CF1F97340B00075B3A /* MessageSender.swift in Sources */ = {isa = PBXBuildFile; fileRef = 4280C0CB1F97340B00075B3A /* MessageSender.swift */; };
		4280C0D41F97341300075B3A /* SendingStatusPresenter.swift in Sources */ = {isa = PBXBuildFile; fileRef = 4280C0D11F97341300075B3A /* SendingStatusPresenter.swift */; };
		4280C0D51F97341300075B3A /* SendingStatusCollectionViewCell.swift in Sources */ = {isa = PBXBuildFile; fileRef = 4280C0D21F97341300075B3A /* SendingStatusCollectionViewCell.swift */; };
		4280C0D61F97341300075B3A /* SendingStatusCollectionViewCell.xib in Resources */ = {isa = PBXBuildFile; fileRef = 4280C0D31F97341300075B3A /* SendingStatusCollectionViewCell.xib */; };
		4280C0D91F97341A00075B3A /* DemoTextMessageHandler.swift in Sources */ = {isa = PBXBuildFile; fileRef = 4280C0D71F97341A00075B3A /* DemoTextMessageHandler.swift */; };
		4280C0DA1F97341A00075B3A /* DemoTextMessageModel.swift in Sources */ = {isa = PBXBuildFile; fileRef = 4280C0D81F97341A00075B3A /* DemoTextMessageModel.swift */; };
		4280C0DF1F9734DD00075B3A /* TimeSeparatorModel.swift in Sources */ = {isa = PBXBuildFile; fileRef = 4280C0DC1F9734DD00075B3A /* TimeSeparatorModel.swift */; };
		4280C0E01F9734DD00075B3A /* TimeSeparatorPresenter.swift in Sources */ = {isa = PBXBuildFile; fileRef = 4280C0DD1F9734DD00075B3A /* TimeSeparatorPresenter.swift */; };
		4280C0E11F9734DD00075B3A /* TimeSeparatorCollectionViewCell.swift in Sources */ = {isa = PBXBuildFile; fileRef = 4280C0DE1F9734DD00075B3A /* TimeSeparatorCollectionViewCell.swift */; };
		4280C0E31F97364F00075B3A /* ChatViewController.swift in Sources */ = {isa = PBXBuildFile; fileRef = 4280C0E21F97364F00075B3A /* ChatViewController.swift */; };
		429228B61F96261000DCECDF /* AppDelegate.swift in Sources */ = {isa = PBXBuildFile; fileRef = 429228B51F96261000DCECDF /* AppDelegate.swift */; };
		429228B81F96261000DCECDF /* ViewController.swift in Sources */ = {isa = PBXBuildFile; fileRef = 429228B71F96261000DCECDF /* ViewController.swift */; };
		429228BB1F96261000DCECDF /* Main.storyboard in Resources */ = {isa = PBXBuildFile; fileRef = 429228B91F96261000DCECDF /* Main.storyboard */; };
		429228BD1F96261000DCECDF /* Assets.xcassets in Resources */ = {isa = PBXBuildFile; fileRef = 429228BC1F96261000DCECDF /* Assets.xcassets */; };
		429228C01F96261000DCECDF /* LaunchScreen.storyboard in Resources */ = {isa = PBXBuildFile; fileRef = 429228BE1F96261000DCECDF /* LaunchScreen.storyboard */; };
		429228CD1F96287B00DCECDF /* Chatto.framework in Frameworks */ = {isa = PBXBuildFile; fileRef = 429228C91F96287A00DCECDF /* Chatto.framework */; };
		429228CF1F96287B00DCECDF /* VirgilSDK.framework in Frameworks */ = {isa = PBXBuildFile; fileRef = 429228CB1F96287A00DCECDF /* VirgilSDK.framework */; };
		429228D71F96334E00DCECDF /* TwilioChatClient.framework in Frameworks */ = {isa = PBXBuildFile; fileRef = 429228D11F96324B00DCECDF /* TwilioChatClient.framework */; };
		429228DE1F9637A200DCECDF /* Log.swift in Sources */ = {isa = PBXBuildFile; fileRef = 429228DD1F9637A200DCECDF /* Log.swift */; };
		429228E41F963DBE00DCECDF /* TwilioHelper.swift in Sources */ = {isa = PBXBuildFile; fileRef = 429228E21F963DBE00DCECDF /* TwilioHelper.swift */; };
		429228E51F963DBE00DCECDF /* TwilioHelper+Delegate.swift in Sources */ = {isa = PBXBuildFile; fileRef = 429228E31F963DBE00DCECDF /* TwilioHelper+Delegate.swift */; };
		429228EB1F96405800DCECDF /* Chat.storyboard in Resources */ = {isa = PBXBuildFile; fileRef = 429228EA1F96405800DCECDF /* Chat.storyboard */; };
/* End PBXBuildFile section */

/* Begin PBXCopyFilesBuildPhase section */
		16F8BC861FAA05E70020094B /* CopyFiles */ = {
			isa = PBXCopyFilesBuildPhase;
			buildActionMask = 12;
			dstPath = "";
			dstSubfolderSpec = 10;
			files = (
				16F8BC871FAA06040020094B /* TwilioChatClient.framework in CopyFiles */,
			);
			runOnlyForDeploymentPostprocessing = 0;
		};
		429228D91F96334E00DCECDF /* Embed Frameworks */ = {
			isa = PBXCopyFilesBuildPhase;
			buildActionMask = 2147483647;
			dstPath = "";
			dstSubfolderSpec = 10;
			files = (
			);
			name = "Embed Frameworks";
			runOnlyForDeploymentPostprocessing = 0;
		};
/* End PBXCopyFilesBuildPhase section */

/* Begin PBXFileReference section */
		16013C7820B214460043EA29 /* AudioBubleView.swift */ = {isa = PBXFileReference; lastKnownFileType = sourcecode.swift; path = AudioBubleView.swift; sourceTree = "<group>"; };
		16013C7A20B2C18B0043EA29 /* AudioMessageCollectionViewCellDefaultStyle.swift */ = {isa = PBXFileReference; lastKnownFileType = sourcecode.swift; path = AudioMessageCollectionViewCellDefaultStyle.swift; sourceTree = "<group>"; };
		16013C7C20B2C8110043EA29 /* AudioMessageCollectionViewCell.swift */ = {isa = PBXFileReference; lastKnownFileType = sourcecode.swift; path = AudioMessageCollectionViewCell.swift; sourceTree = "<group>"; };
		16013C7E20B2C99C0043EA29 /* AudioMessagePresenter.swift */ = {isa = PBXFileReference; lastKnownFileType = sourcecode.swift; path = AudioMessagePresenter.swift; sourceTree = "<group>"; };
		16013C8020B2CA760043EA29 /* AudioMessagePresenterBuilder.swift */ = {isa = PBXFileReference; lastKnownFileType = sourcecode.swift; path = AudioMessagePresenterBuilder.swift; sourceTree = "<group>"; };
		16013C8220B30A180043EA29 /* DemoAudioMessageViewModel.swift */ = {isa = PBXFileReference; lastKnownFileType = sourcecode.swift; path = DemoAudioMessageViewModel.swift; sourceTree = "<group>"; };
		16177AA520C01F5C0050BB31 /* ChannelType.swift */ = {isa = PBXFileReference; lastKnownFileType = sourcecode.swift; path = ChannelType.swift; sourceTree = "<group>"; };
		161F9B8E20C5350C00878515 /* ChatParticipants.storyboard */ = {isa = PBXFileReference; lastKnownFileType = file.storyboard; path = ChatParticipants.storyboard; sourceTree = "<group>"; };
		161F9B9020C5354200878515 /* ChatParticipantsController.swift */ = {isa = PBXFileReference; lastKnownFileType = sourcecode.swift; path = ChatParticipantsController.swift; sourceTree = "<group>"; };
		161F9B9220C53F4500878515 /* ChatParticipantsCell.swift */ = {isa = PBXFileReference; lastKnownFileType = sourcecode.swift; path = ChatParticipantsCell.swift; sourceTree = "<group>"; };
		1621B8481FB333B100D1ABC1 /* VirgilMessenger.xcdatamodel */ = {isa = PBXFileReference; lastKnownFileType = wrapper.xcdatamodel; path = VirgilMessenger.xcdatamodel; sourceTree = "<group>"; };
		1627723E203C5FB00086127C /* CoreDataHelper+Account.swift */ = {isa = PBXFileReference; lastKnownFileType = sourcecode.swift; path = "CoreDataHelper+Account.swift"; sourceTree = "<group>"; };
		16277241203C60DB0086127C /* CoreDataHelper+Channel.swift */ = {isa = PBXFileReference; lastKnownFileType = sourcecode.swift; path = "CoreDataHelper+Channel.swift"; sourceTree = "<group>"; };
		16277243203C62040086127C /* CoreDataHelper+Messages.swift */ = {isa = PBXFileReference; lastKnownFileType = sourcecode.swift; path = "CoreDataHelper+Messages.swift"; sourceTree = "<group>"; };
		1627E4CF20BD522400D0AF36 /* VirgilCryptoAPI.framework */ = {isa = PBXFileReference; lastKnownFileType = wrapper.framework; name = VirgilCryptoAPI.framework; path = Carthage/Build/iOS/VirgilCryptoAPI.framework; sourceTree = "<group>"; };
		163C9EB32109FE320096A751 /* UITextView+ZeroPaddings.swift */ = {isa = PBXFileReference; lastKnownFileType = sourcecode.swift; path = "UITextView+ZeroPaddings.swift"; sourceTree = "<group>"; };
		1644C07820B720F000073D99 /* View.xcassets */ = {isa = PBXFileReference; lastKnownFileType = folder.assetcatalog; path = View.xcassets; sourceTree = "<group>"; };
		1644C07A20B85AC500073D99 /* DemoPhotosChatInputItem.swift */ = {isa = PBXFileReference; lastKnownFileType = sourcecode.swift; path = DemoPhotosChatInputItem.swift; sourceTree = "<group>"; };
		164E172D20AAEE3700AB1AAD /* AudioMessageModel.swift */ = {isa = PBXFileReference; lastKnownFileType = sourcecode.swift; path = AudioMessageModel.swift; sourceTree = "<group>"; };
		164E172F20AAEECD00AB1AAD /* DemoAudioMessageModel.swift */ = {isa = PBXFileReference; lastKnownFileType = sourcecode.swift; path = DemoAudioMessageModel.swift; sourceTree = "<group>"; };
		164E173120AAEF1900AB1AAD /* DemoAudioMessageHandler.swift */ = {isa = PBXFileReference; lastKnownFileType = sourcecode.swift; path = DemoAudioMessageHandler.swift; sourceTree = "<group>"; };
		164E173420AB0BE600AB1AAD /* AudioMessageViewModel.swift */ = {isa = PBXFileReference; lastKnownFileType = sourcecode.swift; path = AudioMessageViewModel.swift; sourceTree = "<group>"; };
		164E173720AB1BED00AB1AAD /* AudioChatInputItem.swift */ = {isa = PBXFileReference; lastKnownFileType = sourcecode.swift; path = AudioChatInputItem.swift; sourceTree = "<group>"; };
		164E173920AB1C6400AB1AAD /* Audio.xcassets */ = {isa = PBXFileReference; lastKnownFileType = folder.assetcatalog; path = Audio.xcassets; sourceTree = "<group>"; };
		164E173B20AB297900AB1AAD /* AudioInputView.swift */ = {isa = PBXFileReference; lastKnownFileType = sourcecode.swift; path = AudioInputView.swift; sourceTree = "<group>"; };
		1658BA171FD97497005EF9C1 /* Utils+Date.swift */ = {isa = PBXFileReference; lastKnownFileType = sourcecode.swift; path = "Utils+Date.swift"; sourceTree = "<group>"; };
		1658BA1C1FD9A8BC005EF9C1 /* InputBar.swift */ = {isa = PBXFileReference; lastKnownFileType = sourcecode.swift; path = InputBar.swift; sourceTree = "<group>"; };
		1658BA201FD9B08F005EF9C1 /* InputBar.xib */ = {isa = PBXFileReference; fileEncoding = 4; lastKnownFileType = file.xib; path = InputBar.xib; sourceTree = "<group>"; };
		166D3E5D1FB495F90032BAAD /* CoreDataHelper.swift */ = {isa = PBXFileReference; lastKnownFileType = sourcecode.swift; path = CoreDataHelper.swift; sourceTree = "<group>"; };
		167C68441FADDB7800E6E448 /* VirgilHelper.swift */ = {isa = PBXFileReference; lastKnownFileType = sourcecode.swift; path = VirgilHelper.swift; sourceTree = "<group>"; };
		16961B55203B03720084086E /* VirgilHelper+Authentication.swift */ = {isa = PBXFileReference; lastKnownFileType = sourcecode.swift; path = "VirgilHelper+Authentication.swift"; sourceTree = "<group>"; };
		16961B57203B04790084086E /* VirgilHelper+SignIn.swift */ = {isa = PBXFileReference; lastKnownFileType = sourcecode.swift; path = "VirgilHelper+SignIn.swift"; sourceTree = "<group>"; };
		16961B59203B04A90084086E /* VirgilHelper+SignUp.swift */ = {isa = PBXFileReference; lastKnownFileType = sourcecode.swift; path = "VirgilHelper+SignUp.swift"; sourceTree = "<group>"; };
		1696ADC620A0766600EF8C0D /* Utils+SafeSubscript.swift */ = {isa = PBXFileReference; lastKnownFileType = sourcecode.swift; path = "Utils+SafeSubscript.swift"; sourceTree = "<group>"; };
		16AE1D772044315B005DF777 /* DemoPhotoMessageModel.swift */ = {isa = PBXFileReference; fileEncoding = 4; lastKnownFileType = sourcecode.swift; path = DemoPhotoMessageModel.swift; sourceTree = "<group>"; };
		16AE1D782044315B005DF777 /* DemoPhotoMessageHandler.swift */ = {isa = PBXFileReference; fileEncoding = 4; lastKnownFileType = sourcecode.swift; path = DemoPhotoMessageHandler.swift; sourceTree = "<group>"; };
		16B69E0D1FA9D70C00FE8A8D /* Authentication.storyboard */ = {isa = PBXFileReference; lastKnownFileType = file.storyboard; path = Authentication.storyboard; sourceTree = "<group>"; };
		16BD40CA2147FCE700CE19AC /* UIImage+Resize.swift */ = {isa = PBXFileReference; lastKnownFileType = sourcecode.swift; path = "UIImage+Resize.swift"; sourceTree = "<group>"; };
		16CA51011FC45E9A0042AF9D /* Start.swift */ = {isa = PBXFileReference; lastKnownFileType = sourcecode.swift; path = Start.swift; sourceTree = "<group>"; };
		16CA51031FC45EA40042AF9D /* Start.storyboard */ = {isa = PBXFileReference; lastKnownFileType = file.storyboard; path = Start.storyboard; sourceTree = "<group>"; };
		16CA51051FC468370042AF9D /* Constants.swift */ = {isa = PBXFileReference; fileEncoding = 4; lastKnownFileType = sourcecode.swift; path = Constants.swift; sourceTree = "<group>"; };
		16CA510F1FC5D9960042AF9D /* Settings.storyboard */ = {isa = PBXFileReference; lastKnownFileType = file.storyboard; path = Settings.storyboard; sourceTree = "<group>"; };
		16CA51121FC5DA3B0042AF9D /* SettingsViewController.swift */ = {isa = PBXFileReference; lastKnownFileType = sourcecode.swift; path = SettingsViewController.swift; sourceTree = "<group>"; };
		16CDE19D20C95B5F00D6430B /* VSCCrypto.framework */ = {isa = PBXFileReference; lastKnownFileType = wrapper.framework; name = VSCCrypto.framework; path = Carthage/Build/iOS/VSCCrypto.framework; sourceTree = "<group>"; };
		16D6CB391FDFEECC00302A05 /* Registration.storyboard */ = {isa = PBXFileReference; lastKnownFileType = file.storyboard; path = Registration.storyboard; sourceTree = "<group>"; };
		16F30D4A1FDAE190006C3DEB /* AuthenticationViewController.swift */ = {isa = PBXFileReference; lastKnownFileType = sourcecode.swift; path = AuthenticationViewController.swift; sourceTree = "<group>"; };
		16F30D4C1FDAE6E6006C3DEB /* CollectionViewController.swift */ = {isa = PBXFileReference; lastKnownFileType = sourcecode.swift; path = CollectionViewController.swift; sourceTree = "<group>"; };
		16F30D4E1FDAE91D006C3DEB /* CollectionViewCell.swift */ = {isa = PBXFileReference; lastKnownFileType = sourcecode.swift; path = CollectionViewCell.swift; sourceTree = "<group>"; };
		16F6FC711FAA235300158615 /* RegistrationViewController.swift */ = {isa = PBXFileReference; fileEncoding = 4; lastKnownFileType = sourcecode.swift; path = RegistrationViewController.swift; sourceTree = "<group>"; };
		16FA91041FFC55A400FE98C7 /* NSObject+Reachability.swift */ = {isa = PBXFileReference; fileEncoding = 4; lastKnownFileType = sourcecode.swift; path = "NSObject+Reachability.swift"; sourceTree = "<group>"; };
		16FB2DCB204D806E00346FA0 /* DemoPhotoMessageViewModel.swift */ = {isa = PBXFileReference; fileEncoding = 4; lastKnownFileType = sourcecode.swift; path = DemoPhotoMessageViewModel.swift; sourceTree = "<group>"; };
		16FB2DCD204D832F00346FA0 /* TwilioHelper+Channel.swift */ = {isa = PBXFileReference; lastKnownFileType = sourcecode.swift; path = "TwilioHelper+Channel.swift"; sourceTree = "<group>"; };
		16FB2DD0204D846900346FA0 /* TwilioHelper+Message.swift */ = {isa = PBXFileReference; lastKnownFileType = sourcecode.swift; path = "TwilioHelper+Message.swift"; sourceTree = "<group>"; };
		16FB2DD2204D875400346FA0 /* UIView+Gradient.swift */ = {isa = PBXFileReference; lastKnownFileType = sourcecode.swift; path = "UIView+Gradient.swift"; sourceTree = "<group>"; };
		16FB2DD4204D87F200346FA0 /* UIColor+RGB.swift */ = {isa = PBXFileReference; lastKnownFileType = sourcecode.swift; path = "UIColor+RGB.swift"; sourceTree = "<group>"; };
		16FCF27A1FE46756000348BC /* Channel+CoreDataClass.swift */ = {isa = PBXFileReference; lastKnownFileType = sourcecode.swift; path = "Channel+CoreDataClass.swift"; sourceTree = "<group>"; };
		16FCF27B1FE46756000348BC /* Channel+CoreDataProperties.swift */ = {isa = PBXFileReference; lastKnownFileType = sourcecode.swift; path = "Channel+CoreDataProperties.swift"; sourceTree = "<group>"; };
		16FCF27C1FE46756000348BC /* Account+CoreDataClass.swift */ = {isa = PBXFileReference; lastKnownFileType = sourcecode.swift; path = "Account+CoreDataClass.swift"; sourceTree = "<group>"; };
		16FCF27D1FE46756000348BC /* Account+CoreDataProperties.swift */ = {isa = PBXFileReference; lastKnownFileType = sourcecode.swift; path = "Account+CoreDataProperties.swift"; sourceTree = "<group>"; };
		423BDA771F97600A00C3EE9B /* ChatListCell.xib */ = {isa = PBXFileReference; fileEncoding = 4; lastKnownFileType = file.xib; path = ChatListCell.xib; sourceTree = "<group>"; };
		423BDA781F97600A00C3EE9B /* ChatList.storyboard */ = {isa = PBXFileReference; fileEncoding = 4; lastKnownFileType = file.storyboard; path = ChatList.storyboard; sourceTree = "<group>"; };
		423BDA7B1F97601700C3EE9B /* ChatListViewController.swift */ = {isa = PBXFileReference; lastKnownFileType = sourcecode.swift; path = ChatListViewController.swift; sourceTree = "<group>"; };
		423BDA7D1F97602F00C3EE9B /* ChatListCell.swift */ = {isa = PBXFileReference; lastKnownFileType = sourcecode.swift; path = ChatListCell.swift; sourceTree = "<group>"; };
		423BDA801F97774F00C3EE9B /* Connection.swift */ = {isa = PBXFileReference; fileEncoding = 4; lastKnownFileType = sourcecode.swift; path = Connection.swift; sourceTree = "<group>"; };
		423BDA811F97774F00C3EE9B /* ServiceConnection.swift */ = {isa = PBXFileReference; fileEncoding = 4; lastKnownFileType = sourcecode.swift; path = ServiceConnection.swift; sourceTree = "<group>"; };
		423BDA821F97774F00C3EE9B /* ServiceRequest.swift */ = {isa = PBXFileReference; fileEncoding = 4; lastKnownFileType = sourcecode.swift; path = ServiceRequest.swift; sourceTree = "<group>"; };
		423BDA831F97774F00C3EE9B /* ServiceResponse.swift */ = {isa = PBXFileReference; fileEncoding = 4; lastKnownFileType = sourcecode.swift; path = ServiceResponse.swift; sourceTree = "<group>"; };
		427D1E521F965568002F2CF3 /* DataSource.swift */ = {isa = PBXFileReference; fileEncoding = 4; lastKnownFileType = sourcecode.swift; path = DataSource.swift; sourceTree = "<group>"; };
		427D1E531F965569002F2CF3 /* SlidingDatasSource.swift */ = {isa = PBXFileReference; fileEncoding = 4; lastKnownFileType = sourcecode.swift; path = SlidingDatasSource.swift; sourceTree = "<group>"; };
		427D1E561F9656BB002F2CF3 /* DemoTextMessageViewModel.swift */ = {isa = PBXFileReference; fileEncoding = 4; lastKnownFileType = sourcecode.swift; path = DemoTextMessageViewModel.swift; sourceTree = "<group>"; };
		4280C0C81F97340A00075B3A /* MessageFactory.swift */ = {isa = PBXFileReference; fileEncoding = 4; lastKnownFileType = sourcecode.swift; path = MessageFactory.swift; sourceTree = "<group>"; };
		4280C0C91F97340B00075B3A /* ChatItemsDemoDecorator.swift */ = {isa = PBXFileReference; fileEncoding = 4; lastKnownFileType = sourcecode.swift; path = ChatItemsDemoDecorator.swift; sourceTree = "<group>"; };
		4280C0CA1F97340B00075B3A /* BaseMessageHandler.swift */ = {isa = PBXFileReference; fileEncoding = 4; lastKnownFileType = sourcecode.swift; path = BaseMessageHandler.swift; sourceTree = "<group>"; };
		4280C0CB1F97340B00075B3A /* MessageSender.swift */ = {isa = PBXFileReference; fileEncoding = 4; lastKnownFileType = sourcecode.swift; path = MessageSender.swift; sourceTree = "<group>"; };
		4280C0D11F97341300075B3A /* SendingStatusPresenter.swift */ = {isa = PBXFileReference; fileEncoding = 4; lastKnownFileType = sourcecode.swift; path = SendingStatusPresenter.swift; sourceTree = "<group>"; };
		4280C0D21F97341300075B3A /* SendingStatusCollectionViewCell.swift */ = {isa = PBXFileReference; fileEncoding = 4; lastKnownFileType = sourcecode.swift; path = SendingStatusCollectionViewCell.swift; sourceTree = "<group>"; };
		4280C0D31F97341300075B3A /* SendingStatusCollectionViewCell.xib */ = {isa = PBXFileReference; fileEncoding = 4; lastKnownFileType = file.xib; path = SendingStatusCollectionViewCell.xib; sourceTree = "<group>"; };
		4280C0D71F97341A00075B3A /* DemoTextMessageHandler.swift */ = {isa = PBXFileReference; fileEncoding = 4; lastKnownFileType = sourcecode.swift; path = DemoTextMessageHandler.swift; sourceTree = "<group>"; };
		4280C0D81F97341A00075B3A /* DemoTextMessageModel.swift */ = {isa = PBXFileReference; fileEncoding = 4; lastKnownFileType = sourcecode.swift; path = DemoTextMessageModel.swift; sourceTree = "<group>"; };
		4280C0DC1F9734DD00075B3A /* TimeSeparatorModel.swift */ = {isa = PBXFileReference; fileEncoding = 4; lastKnownFileType = sourcecode.swift; path = TimeSeparatorModel.swift; sourceTree = "<group>"; };
		4280C0DD1F9734DD00075B3A /* TimeSeparatorPresenter.swift */ = {isa = PBXFileReference; fileEncoding = 4; lastKnownFileType = sourcecode.swift; path = TimeSeparatorPresenter.swift; sourceTree = "<group>"; };
		4280C0DE1F9734DD00075B3A /* TimeSeparatorCollectionViewCell.swift */ = {isa = PBXFileReference; fileEncoding = 4; lastKnownFileType = sourcecode.swift; path = TimeSeparatorCollectionViewCell.swift; sourceTree = "<group>"; };
		4280C0E21F97364F00075B3A /* ChatViewController.swift */ = {isa = PBXFileReference; fileEncoding = 4; lastKnownFileType = sourcecode.swift; path = ChatViewController.swift; sourceTree = "<group>"; };
		429228B21F96261000DCECDF /* VirgilMessenger.app */ = {isa = PBXFileReference; explicitFileType = wrapper.application; includeInIndex = 0; path = VirgilMessenger.app; sourceTree = BUILT_PRODUCTS_DIR; };
		429228B51F96261000DCECDF /* AppDelegate.swift */ = {isa = PBXFileReference; lastKnownFileType = sourcecode.swift; path = AppDelegate.swift; sourceTree = "<group>"; };
		429228B71F96261000DCECDF /* ViewController.swift */ = {isa = PBXFileReference; lastKnownFileType = sourcecode.swift; path = ViewController.swift; sourceTree = "<group>"; };
		429228BA1F96261000DCECDF /* Base */ = {isa = PBXFileReference; lastKnownFileType = file.storyboard; name = Base; path = Base.lproj/Main.storyboard; sourceTree = "<group>"; };
		429228BC1F96261000DCECDF /* Assets.xcassets */ = {isa = PBXFileReference; lastKnownFileType = folder.assetcatalog; path = Assets.xcassets; sourceTree = "<group>"; };
		429228BF1F96261000DCECDF /* Base */ = {isa = PBXFileReference; lastKnownFileType = file.storyboard; name = Base; path = Base.lproj/LaunchScreen.storyboard; sourceTree = "<group>"; };
		429228C11F96261000DCECDF /* Info.plist */ = {isa = PBXFileReference; lastKnownFileType = text.plist.xml; path = Info.plist; sourceTree = "<group>"; };
		429228C81F96287A00DCECDF /* ChattoAdditions.framework */ = {isa = PBXFileReference; lastKnownFileType = wrapper.framework; name = ChattoAdditions.framework; path = Carthage/Build/iOS/ChattoAdditions.framework; sourceTree = "<group>"; };
		429228C91F96287A00DCECDF /* Chatto.framework */ = {isa = PBXFileReference; lastKnownFileType = wrapper.framework; name = Chatto.framework; path = Carthage/Build/iOS/Chatto.framework; sourceTree = "<group>"; };
		429228CA1F96287A00DCECDF /* VirgilCrypto.framework */ = {isa = PBXFileReference; lastKnownFileType = wrapper.framework; name = VirgilCrypto.framework; path = Carthage/Build/iOS/VirgilCrypto.framework; sourceTree = "<group>"; };
		429228CB1F96287A00DCECDF /* VirgilSDK.framework */ = {isa = PBXFileReference; lastKnownFileType = wrapper.framework; name = VirgilSDK.framework; path = Carthage/Build/iOS/VirgilSDK.framework; sourceTree = "<group>"; };
		429228D11F96324B00DCECDF /* TwilioChatClient.framework */ = {isa = PBXFileReference; lastKnownFileType = wrapper.framework; name = TwilioChatClient.framework; path = Frameworks/TwilioChatClient.framework; sourceTree = "<group>"; };
		429228DD1F9637A200DCECDF /* Log.swift */ = {isa = PBXFileReference; fileEncoding = 4; lastKnownFileType = sourcecode.swift; path = Log.swift; sourceTree = "<group>"; };
		429228E21F963DBE00DCECDF /* TwilioHelper.swift */ = {isa = PBXFileReference; fileEncoding = 4; lastKnownFileType = sourcecode.swift; path = TwilioHelper.swift; sourceTree = "<group>"; };
		429228E31F963DBE00DCECDF /* TwilioHelper+Delegate.swift */ = {isa = PBXFileReference; fileEncoding = 4; lastKnownFileType = sourcecode.swift; path = "TwilioHelper+Delegate.swift"; sourceTree = "<group>"; };
		429228EA1F96405800DCECDF /* Chat.storyboard */ = {isa = PBXFileReference; lastKnownFileType = file.storyboard; path = Chat.storyboard; sourceTree = "<group>"; };
		42B416391FBAFC7D00AFDF80 /* Fabric.framework */ = {isa = PBXFileReference; lastKnownFileType = wrapper.framework; path = Fabric.framework; sourceTree = "<group>"; };
		42B4163A1FBAFC7D00AFDF80 /* Crashlytics.framework */ = {isa = PBXFileReference; lastKnownFileType = wrapper.framework; path = Crashlytics.framework; sourceTree = "<group>"; };
		42E8F8731F978A51007CB39F /* PKHUD.framework */ = {isa = PBXFileReference; lastKnownFileType = wrapper.framework; name = PKHUD.framework; path = Carthage/Build/iOS/PKHUD.framework; sourceTree = "<group>"; };
/* End PBXFileReference section */

/* Begin PBXFrameworksBuildPhase section */
		429228AF1F96261000DCECDF /* Frameworks */ = {
			isa = PBXFrameworksBuildPhase;
			buildActionMask = 2147483647;
			files = (
				16CDE19E20C95B5F00D6430B /* VSCCrypto.framework in Frameworks */,
				16638EDB20BD98FF00D051B7 /* VirgilCryptoAPI.framework in Frameworks */,
				167C49CE20BD577A006B49B7 /* VirgilCrypto.framework in Frameworks */,
				429228CD1F96287B00DCECDF /* Chatto.framework in Frameworks */,
				429228D71F96334E00DCECDF /* TwilioChatClient.framework in Frameworks */,
				429228CF1F96287B00DCECDF /* VirgilSDK.framework in Frameworks */,
			);
			runOnlyForDeploymentPostprocessing = 0;
		};
/* End PBXFrameworksBuildPhase section */

/* Begin PBXGroup section */
		16013C7720B200E30043EA29 /* View */ = {
			isa = PBXGroup;
			children = (
				16013C7820B214460043EA29 /* AudioBubleView.swift */,
				16013C7C20B2C8110043EA29 /* AudioMessageCollectionViewCell.swift */,
				16013C7A20B2C18B0043EA29 /* AudioMessageCollectionViewCellDefaultStyle.swift */,
				1644C07820B720F000073D99 /* View.xcassets */,
			);
			path = View;
			sourceTree = "<group>";
		};
		16013C8420B354FA0043EA29 /* Models */ = {
			isa = PBXGroup;
			children = (
				164E172D20AAEE3700AB1AAD /* AudioMessageModel.swift */,
				16013C7E20B2C99C0043EA29 /* AudioMessagePresenter.swift */,
				16013C8020B2CA760043EA29 /* AudioMessagePresenterBuilder.swift */,
				164E173420AB0BE600AB1AAD /* AudioMessageViewModel.swift */,
			);
			path = Models;
			sourceTree = "<group>";
		};
		161F9B8D20C534EF00878515 /* ChatParticipants */ = {
			isa = PBXGroup;
			children = (
				161F9B8E20C5350C00878515 /* ChatParticipants.storyboard */,
				161F9B9020C5354200878515 /* ChatParticipantsController.swift */,
				161F9B9220C53F4500878515 /* ChatParticipantsCell.swift */,
			);
			path = ChatParticipants;
			sourceTree = "<group>";
		};
		16277240203C60BE0086127C /* CoreDataHelper */ = {
			isa = PBXGroup;
			children = (
				166D3E5D1FB495F90032BAAD /* CoreDataHelper.swift */,
				1627723E203C5FB00086127C /* CoreDataHelper+Account.swift */,
				16277241203C60DB0086127C /* CoreDataHelper+Channel.swift */,
				16277243203C62040086127C /* CoreDataHelper+Messages.swift */,
			);
			path = CoreDataHelper;
			sourceTree = "<group>";
		};
		164E172C20AAED4C00AB1AAD /* Audio Messages */ = {
			isa = PBXGroup;
			children = (
				16013C8420B354FA0043EA29 /* Models */,
				16013C7720B200E30043EA29 /* View */,
				164E173620AB1BB100AB1AAD /* Input */,
				164E172F20AAEECD00AB1AAD /* DemoAudioMessageModel.swift */,
				16013C8220B30A180043EA29 /* DemoAudioMessageViewModel.swift */,
				164E173120AAEF1900AB1AAD /* DemoAudioMessageHandler.swift */,
			);
			path = "Audio Messages";
			sourceTree = "<group>";
		};
		164E173620AB1BB100AB1AAD /* Input */ = {
			isa = PBXGroup;
			children = (
				164E173720AB1BED00AB1AAD /* AudioChatInputItem.swift */,
				164E173B20AB297900AB1AAD /* AudioInputView.swift */,
				164E173920AB1C6400AB1AAD /* Audio.xcassets */,
			);
			path = Input;
			sourceTree = "<group>";
		};
		1658BA191FD99C56005EF9C1 /* InputBar */ = {
			isa = PBXGroup;
			children = (
				1658BA1C1FD9A8BC005EF9C1 /* InputBar.swift */,
				1658BA201FD9B08F005EF9C1 /* InputBar.xib */,
			);
			path = InputBar;
			sourceTree = "<group>";
		};
		166D3E5C1FB495DA0032BAAD /* CoreData */ = {
			isa = PBXGroup;
			children = (
				16FCF27A1FE46756000348BC /* Channel+CoreDataClass.swift */,
				16FCF27B1FE46756000348BC /* Channel+CoreDataProperties.swift */,
				16FCF27C1FE46756000348BC /* Account+CoreDataClass.swift */,
				16FCF27D1FE46756000348BC /* Account+CoreDataProperties.swift */,
				1621B8471FB333B100D1ABC1 /* VirgilMessenger.xcdatamodeld */,
			);
			path = CoreData;
			sourceTree = "<group>";
		};
		16961B4E203ADE850084086E /* Helpers */ = {
			isa = PBXGroup;
			children = (
				16961B5B203B04E00084086E /* VirgilHelper */,
				16277240203C60BE0086127C /* CoreDataHelper */,
				16FB2DCF204D843300346FA0 /* TwilioHelper */,
				16177AA520C01F5C0050BB31 /* ChannelType.swift */,
			);
			path = Helpers;
			sourceTree = "<group>";
		};
		16961B4F203ADEDE0084086E /* Screens */ = {
			isa = PBXGroup;
			children = (
				16CA51001FC45E840042AF9D /* Start */,
				16B69E061FA9D2CA00FE8A8D /* Authentication */,
				423BDA761F97600A00C3EE9B /* ChatList */,
				16E22D871FA896BE008D32D9 /* Chat */,
				161F9B8D20C534EF00878515 /* ChatParticipants */,
				16CA51111FC5DA1F0042AF9D /* Settings */,
			);
			name = Screens;
			path = Controllers;
			sourceTree = "<group>";
		};
		16961B50203ADFBA0084086E /* Utils */ = {
			isa = PBXGroup;
			children = (
				429228DD1F9637A200DCECDF /* Log.swift */,
				16CA51051FC468370042AF9D /* Constants.swift */,
				16FA91041FFC55A400FE98C7 /* NSObject+Reachability.swift */,
				16FB2DD2204D875400346FA0 /* UIView+Gradient.swift */,
				16FB2DD4204D87F200346FA0 /* UIColor+RGB.swift */,
				1658BA171FD97497005EF9C1 /* Utils+Date.swift */,
				1696ADC620A0766600EF8C0D /* Utils+SafeSubscript.swift */,
				163C9EB32109FE320096A751 /* UITextView+ZeroPaddings.swift */,
				16BD40CA2147FCE700CE19AC /* UIImage+Resize.swift */,
			);
			path = Utils;
			sourceTree = "<group>";
		};
		16961B5B203B04E00084086E /* VirgilHelper */ = {
			isa = PBXGroup;
			children = (
				167C68441FADDB7800E6E448 /* VirgilHelper.swift */,
				16961B55203B03720084086E /* VirgilHelper+Authentication.swift */,
				16961B57203B04790084086E /* VirgilHelper+SignIn.swift */,
				16961B59203B04A90084086E /* VirgilHelper+SignUp.swift */,
			);
			path = VirgilHelper;
			sourceTree = "<group>";
		};
		16AE1D752044315B005DF777 /* Photo Messages */ = {
			isa = PBXGroup;
			children = (
				16AE1D772044315B005DF777 /* DemoPhotoMessageModel.swift */,
				16FB2DCB204D806E00346FA0 /* DemoPhotoMessageViewModel.swift */,
				16AE1D782044315B005DF777 /* DemoPhotoMessageHandler.swift */,
				1644C07A20B85AC500073D99 /* DemoPhotosChatInputItem.swift */,
			);
			path = "Photo Messages";
			sourceTree = "<group>";
		};
		16B69E061FA9D2CA00FE8A8D /* Authentication */ = {
			isa = PBXGroup;
			children = (
				16B69E0D1FA9D70C00FE8A8D /* Authentication.storyboard */,
				16F30D4A1FDAE190006C3DEB /* AuthenticationViewController.swift */,
				16D6CB391FDFEECC00302A05 /* Registration.storyboard */,
				16F6FC711FAA235300158615 /* RegistrationViewController.swift */,
				16F30D4C1FDAE6E6006C3DEB /* CollectionViewController.swift */,
				16F30D4E1FDAE91D006C3DEB /* CollectionViewCell.swift */,
			);
			path = Authentication;
			sourceTree = "<group>";
		};
		16CA51001FC45E840042AF9D /* Start */ = {
			isa = PBXGroup;
			children = (
				16CA51011FC45E9A0042AF9D /* Start.swift */,
				16CA51031FC45EA40042AF9D /* Start.storyboard */,
			);
			path = Start;
			sourceTree = "<group>";
		};
		16CA51111FC5DA1F0042AF9D /* Settings */ = {
			isa = PBXGroup;
			children = (
				16CA510F1FC5D9960042AF9D /* Settings.storyboard */,
				16CA51121FC5DA3B0042AF9D /* SettingsViewController.swift */,
			);
			path = Settings;
			sourceTree = "<group>";
		};
		16E22D871FA896BE008D32D9 /* Chat */ = {
			isa = PBXGroup;
			children = (
				1658BA191FD99C56005EF9C1 /* InputBar */,
				16E22D881FA8ACAB008D32D9 /* Decorations */,
				164E172C20AAED4C00AB1AAD /* Audio Messages */,
				16AE1D752044315B005DF777 /* Photo Messages */,
				429228EE1F96454400DCECDF /* TextMessage */,
				4280C0E21F97364F00075B3A /* ChatViewController.swift */,
				4280C0CA1F97340B00075B3A /* BaseMessageHandler.swift */,
				4280C0CB1F97340B00075B3A /* MessageSender.swift */,
				4280C0C81F97340A00075B3A /* MessageFactory.swift */,
				427D1E521F965568002F2CF3 /* DataSource.swift */,
				427D1E531F965569002F2CF3 /* SlidingDatasSource.swift */,
				429228EA1F96405800DCECDF /* Chat.storyboard */,
			);
			path = Chat;
			sourceTree = "<group>";
		};
		16E22D881FA8ACAB008D32D9 /* Decorations */ = {
			isa = PBXGroup;
			children = (
				4280C0DB1F9734DD00075B3A /* Time Separator */,
				4280C0D01F97341300075B3A /* Sending status */,
				4280C0C91F97340B00075B3A /* ChatItemsDemoDecorator.swift */,
			);
			path = Decorations;
			sourceTree = "<group>";
		};
		16FB2DCF204D843300346FA0 /* TwilioHelper */ = {
			isa = PBXGroup;
			children = (
				429228E21F963DBE00DCECDF /* TwilioHelper.swift */,
				429228E31F963DBE00DCECDF /* TwilioHelper+Delegate.swift */,
				16FB2DCD204D832F00346FA0 /* TwilioHelper+Channel.swift */,
				16FB2DD0204D846900346FA0 /* TwilioHelper+Message.swift */,
			);
			path = TwilioHelper;
			sourceTree = "<group>";
		};
		423BDA761F97600A00C3EE9B /* ChatList */ = {
			isa = PBXGroup;
			children = (
				423BDA781F97600A00C3EE9B /* ChatList.storyboard */,
				423BDA7B1F97601700C3EE9B /* ChatListViewController.swift */,
				423BDA771F97600A00C3EE9B /* ChatListCell.xib */,
				423BDA7D1F97602F00C3EE9B /* ChatListCell.swift */,
			);
			path = ChatList;
			sourceTree = "<group>";
		};
		423BDA7F1F97774F00C3EE9B /* Networking */ = {
			isa = PBXGroup;
			children = (
				423BDA801F97774F00C3EE9B /* Connection.swift */,
				423BDA811F97774F00C3EE9B /* ServiceConnection.swift */,
				423BDA821F97774F00C3EE9B /* ServiceRequest.swift */,
				423BDA831F97774F00C3EE9B /* ServiceResponse.swift */,
			);
			path = Networking;
			sourceTree = "<group>";
		};
		4280C0D01F97341300075B3A /* Sending status */ = {
			isa = PBXGroup;
			children = (
				4280C0D11F97341300075B3A /* SendingStatusPresenter.swift */,
				4280C0D21F97341300075B3A /* SendingStatusCollectionViewCell.swift */,
				4280C0D31F97341300075B3A /* SendingStatusCollectionViewCell.xib */,
			);
			path = "Sending status";
			sourceTree = "<group>";
		};
		4280C0DB1F9734DD00075B3A /* Time Separator */ = {
			isa = PBXGroup;
			children = (
				4280C0DC1F9734DD00075B3A /* TimeSeparatorModel.swift */,
				4280C0DD1F9734DD00075B3A /* TimeSeparatorPresenter.swift */,
				4280C0DE1F9734DD00075B3A /* TimeSeparatorCollectionViewCell.swift */,
			);
			path = "Time Separator";
			sourceTree = "<group>";
		};
		429228A91F96261000DCECDF = {
			isa = PBXGroup;
			children = (
				429228B41F96261000DCECDF /* VirgilMessenger */,
				429228B31F96261000DCECDF /* Products */,
				429228C71F96287A00DCECDF /* Frameworks */,
			);
			sourceTree = "<group>";
		};
		429228B31F96261000DCECDF /* Products */ = {
			isa = PBXGroup;
			children = (
				429228B21F96261000DCECDF /* VirgilMessenger.app */,
			);
			name = Products;
			sourceTree = "<group>";
		};
		429228B41F96261000DCECDF /* VirgilMessenger */ = {
			isa = PBXGroup;
			children = (
				423BDA7F1F97774F00C3EE9B /* Networking */,
				166D3E5C1FB495DA0032BAAD /* CoreData */,
				16961B4E203ADE850084086E /* Helpers */,
				16961B4F203ADEDE0084086E /* Screens */,
				16961B50203ADFBA0084086E /* Utils */,
				429228B51F96261000DCECDF /* AppDelegate.swift */,
				429228B71F96261000DCECDF /* ViewController.swift */,
				429228B91F96261000DCECDF /* Main.storyboard */,
				429228BC1F96261000DCECDF /* Assets.xcassets */,
				429228BE1F96261000DCECDF /* LaunchScreen.storyboard */,
				429228C11F96261000DCECDF /* Info.plist */,
			);
			path = VirgilMessenger;
			sourceTree = "<group>";
		};
		429228C71F96287A00DCECDF /* Frameworks */ = {
			isa = PBXGroup;
			children = (
				16CDE19D20C95B5F00D6430B /* VSCCrypto.framework */,
				1627E4CF20BD522400D0AF36 /* VirgilCryptoAPI.framework */,
				42B4163A1FBAFC7D00AFDF80 /* Crashlytics.framework */,
				42B416391FBAFC7D00AFDF80 /* Fabric.framework */,
				42E8F8731F978A51007CB39F /* PKHUD.framework */,
				429228D11F96324B00DCECDF /* TwilioChatClient.framework */,
				429228C91F96287A00DCECDF /* Chatto.framework */,
				429228C81F96287A00DCECDF /* ChattoAdditions.framework */,
				429228CA1F96287A00DCECDF /* VirgilCrypto.framework */,
				429228CB1F96287A00DCECDF /* VirgilSDK.framework */,
			);
			name = Frameworks;
			sourceTree = "<group>";
		};
		429228EE1F96454400DCECDF /* TextMessage */ = {
			isa = PBXGroup;
			children = (
				4280C0D81F97341A00075B3A /* DemoTextMessageModel.swift */,
				427D1E561F9656BB002F2CF3 /* DemoTextMessageViewModel.swift */,
				4280C0D71F97341A00075B3A /* DemoTextMessageHandler.swift */,
			);
			path = TextMessage;
			sourceTree = "<group>";
		};
/* End PBXGroup section */

/* Begin PBXNativeTarget section */
		429228B11F96261000DCECDF /* VirgilMessenger */ = {
			isa = PBXNativeTarget;
			buildConfigurationList = 429228C41F96261000DCECDF /* Build configuration list for PBXNativeTarget "VirgilMessenger" */;
			buildPhases = (
				429228AE1F96261000DCECDF /* Sources */,
				429228AF1F96261000DCECDF /* Frameworks */,
				429228B01F96261000DCECDF /* Resources */,
				429228D01F96287E00DCECDF /* ShellScript */,
				429228D91F96334E00DCECDF /* Embed Frameworks */,
				16F8BC861FAA05E70020094B /* CopyFiles */,
				429228DA1F96339900DCECDF /* ShellScript */,
				16319BE72088E60200B09856 /* ShellScript */,
			);
			buildRules = (
			);
			dependencies = (
			);
			name = VirgilMessenger;
			productName = VirgilMessenger;
			productReference = 429228B21F96261000DCECDF /* VirgilMessenger.app */;
			productType = "com.apple.product-type.application";
		};
/* End PBXNativeTarget section */

/* Begin PBXProject section */
		429228AA1F96261000DCECDF /* Project object */ = {
			isa = PBXProject;
			attributes = {
				LastSwiftUpdateCheck = 0900;
				LastUpgradeCheck = 0940;
				ORGANIZATIONNAME = VirgilSecurity;
				TargetAttributes = {
					429228B11F96261000DCECDF = {
						CreatedOnToolsVersion = 9.0;
						ProvisioningStyle = Automatic;
					};
				};
			};
			buildConfigurationList = 429228AD1F96261000DCECDF /* Build configuration list for PBXProject "VirgilMessenger" */;
			compatibilityVersion = "Xcode 8.0";
			developmentRegion = en;
			hasScannedForEncodings = 0;
			knownRegions = (
				en,
				Base,
			);
			mainGroup = 429228A91F96261000DCECDF;
			productRefGroup = 429228B31F96261000DCECDF /* Products */;
			projectDirPath = "";
			projectRoot = "";
			targets = (
				429228B11F96261000DCECDF /* VirgilMessenger */,
			);
		};
/* End PBXProject section */

/* Begin PBXResourcesBuildPhase section */
		429228B01F96261000DCECDF /* Resources */ = {
			isa = PBXResourcesBuildPhase;
			buildActionMask = 2147483647;
			files = (
				16CA51101FC5D9960042AF9D /* Settings.storyboard in Resources */,
				16D6CB3A1FDFEECC00302A05 /* Registration.storyboard in Resources */,
				161F9B8F20C5350C00878515 /* ChatParticipants.storyboard in Resources */,
				16B69E0E1FA9D70C00FE8A8D /* Authentication.storyboard in Resources */,
				423BDA7A1F97600A00C3EE9B /* ChatList.storyboard in Resources */,
				16CA51041FC45EA40042AF9D /* Start.storyboard in Resources */,
				429228C01F96261000DCECDF /* LaunchScreen.storyboard in Resources */,
				1644C07920B720F000073D99 /* View.xcassets in Resources */,
				429228BD1F96261000DCECDF /* Assets.xcassets in Resources */,
				4280C0D61F97341300075B3A /* SendingStatusCollectionViewCell.xib in Resources */,
				429228EB1F96405800DCECDF /* Chat.storyboard in Resources */,
				423BDA791F97600A00C3EE9B /* ChatListCell.xib in Resources */,
				164E173A20AB1C6400AB1AAD /* Audio.xcassets in Resources */,
				1658BA211FD9B08F005EF9C1 /* InputBar.xib in Resources */,
				429228BB1F96261000DCECDF /* Main.storyboard in Resources */,
			);
			runOnlyForDeploymentPostprocessing = 0;
		};
/* End PBXResourcesBuildPhase section */

/* Begin PBXShellScriptBuildPhase section */
		16319BE72088E60200B09856 /* ShellScript */ = {
			isa = PBXShellScriptBuildPhase;
			buildActionMask = 2147483647;
			files = (
			);
			inputPaths = (
			);
			outputPaths = (
			);
			runOnlyForDeploymentPostprocessing = 0;
			shellPath = /bin/sh;
			shellScript = "APP_PATH=\"${TARGET_BUILD_DIR}/${WRAPPER_NAME}\"\n\n# This script loops through the frameworks embedded in the application and\n# removes unused architectures.\nfind \"$APP_PATH\" -name '*.framework' -type d | while read -r FRAMEWORK\ndo\nFRAMEWORK_EXECUTABLE_NAME=$(defaults read \"$FRAMEWORK/Info.plist\" CFBundleExecutable)\nFRAMEWORK_EXECUTABLE_PATH=\"$FRAMEWORK/$FRAMEWORK_EXECUTABLE_NAME\"\necho \"Executable is $FRAMEWORK_EXECUTABLE_PATH\"\n\nEXTRACTED_ARCHS=()\n\nfor ARCH in $ARCHS\ndo\necho \"Extracting $ARCH from $FRAMEWORK_EXECUTABLE_NAME\"\nlipo -extract \"$ARCH\" \"$FRAMEWORK_EXECUTABLE_PATH\" -o \"$FRAMEWORK_EXECUTABLE_PATH-$ARCH\"\nEXTRACTED_ARCHS+=(\"$FRAMEWORK_EXECUTABLE_PATH-$ARCH\")\ndone\n\necho \"Merging extracted architectures: ${ARCHS}\"\nlipo -o \"$FRAMEWORK_EXECUTABLE_PATH-merged\" -create \"${EXTRACTED_ARCHS[@]}\"\nrm \"${EXTRACTED_ARCHS[@]}\"\n\necho \"Replacing original executable with thinned version\"\nrm \"$FRAMEWORK_EXECUTABLE_PATH\"\nmv \"$FRAMEWORK_EXECUTABLE_PATH-merged\" \"$FRAMEWORK_EXECUTABLE_PATH\"\n\ndone";
		};
		429228D01F96287E00DCECDF /* ShellScript */ = {
			isa = PBXShellScriptBuildPhase;
			buildActionMask = 12;
			files = (
			);
			inputPaths = (
				"$(SRCROOT)/Carthage/Build/iOS/VirgilSDK.framework",
				"$(SRCROOT)/Carthage/Build/iOS/Chatto.framework",
				"$(SRCROOT)/Carthage/Build/iOS/ChattoAdditions.framework",
				"$(SRCROOT)/Carthage/Build/iOS/PKHUD.framework",
				"$(SRCROOT)/Carthage/Build/iOS/VirgilCryptoApiImpl.framework",
				"$(SRCROOT)/Carthage/Build/iOS/VirgilCryptoAPI.framework",
				"$(SRCROOT)/Carthage/Build/iOS/VirgilCrypto.framework",
				"$(SRCROOT)/Carthage/Build/iOS/VSCCrypto.framework",
			);
			outputPaths = (
			);
			runOnlyForDeploymentPostprocessing = 0;
			shellPath = /bin/sh;
			shellScript = "/usr/local/bin/carthage copy-frameworks";
		};
		429228DA1F96339900DCECDF /* ShellScript */ = {
			isa = PBXShellScriptBuildPhase;
			buildActionMask = 12;
			files = (
			);
			inputPaths = (
			);
			outputPaths = (
			);
			runOnlyForDeploymentPostprocessing = 0;
			shellPath = /bin/sh;
			shellScript = "#bash \"${BUILT_PRODUCTS_DIR}/${FRAMEWORKS_FOLDER_PATH}/TwilioChatClient.framework/remove_archs\"";
		};
/* End PBXShellScriptBuildPhase section */

/* Begin PBXSourcesBuildPhase section */
		429228AE1F96261000DCECDF /* Sources */ = {
			isa = PBXSourcesBuildPhase;
			buildActionMask = 2147483647;
			files = (
				164E172E20AAEE3700AB1AAD /* AudioMessageModel.swift in Sources */,
				16FB2DCC204D806E00346FA0 /* DemoPhotoMessageViewModel.swift in Sources */,
				16FCF2811FE46756000348BC /* Account+CoreDataProperties.swift in Sources */,
				163C9EB42109FE320096A751 /* UITextView+ZeroPaddings.swift in Sources */,
				166D3E5E1FB495F90032BAAD /* CoreDataHelper.swift in Sources */,
				429228B81F96261000DCECDF /* ViewController.swift in Sources */,
				423BDA851F97774F00C3EE9B /* ServiceConnection.swift in Sources */,
				16013C7B20B2C18B0043EA29 /* AudioMessageCollectionViewCellDefaultStyle.swift in Sources */,
				164E173020AAEECD00AB1AAD /* DemoAudioMessageModel.swift in Sources */,
				16FA91051FFC55A400FE98C7 /* NSObject+Reachability.swift in Sources */,
				429228B61F96261000DCECDF /* AppDelegate.swift in Sources */,
				161F9B9320C53F4500878515 /* ChatParticipantsCell.swift in Sources */,
				4280C0CF1F97340B00075B3A /* MessageSender.swift in Sources */,
				16013C8120B2CA760043EA29 /* AudioMessagePresenterBuilder.swift in Sources */,
				164E173220AAEF1900AB1AAD /* DemoAudioMessageHandler.swift in Sources */,
				1621B8491FB333B100D1ABC1 /* VirgilMessenger.xcdatamodeld in Sources */,
				16FCF27F1FE46756000348BC /* Channel+CoreDataProperties.swift in Sources */,
				16177AA620C01F5C0050BB31 /* ChannelType.swift in Sources */,
				164E173520AB0BE600AB1AAD /* AudioMessageViewModel.swift in Sources */,
				16CA51131FC5DA3B0042AF9D /* SettingsViewController.swift in Sources */,
				4280C0DA1F97341A00075B3A /* DemoTextMessageModel.swift in Sources */,
				16F30D4F1FDAE91D006C3DEB /* CollectionViewCell.swift in Sources */,
				16CA51061FC468370042AF9D /* Constants.swift in Sources */,
				423BDA7C1F97601700C3EE9B /* ChatListViewController.swift in Sources */,
				167C68451FADDB7800E6E448 /* VirgilHelper.swift in Sources */,
				4280C0CC1F97340B00075B3A /* MessageFactory.swift in Sources */,
				16F30D4D1FDAE6E6006C3DEB /* CollectionViewController.swift in Sources */,
				427D1E551F965569002F2CF3 /* SlidingDatasSource.swift in Sources */,
				4280C0E11F9734DD00075B3A /* TimeSeparatorCollectionViewCell.swift in Sources */,
				4280C0CE1F97340B00075B3A /* BaseMessageHandler.swift in Sources */,
				16961B56203B03720084086E /* VirgilHelper+Authentication.swift in Sources */,
				16961B58203B04790084086E /* VirgilHelper+SignIn.swift in Sources */,
				4280C0DF1F9734DD00075B3A /* TimeSeparatorModel.swift in Sources */,
				161F9B9120C5354200878515 /* ChatParticipantsController.swift in Sources */,
				423BDA861F97774F00C3EE9B /* ServiceRequest.swift in Sources */,
				429228DE1F9637A200DCECDF /* Log.swift in Sources */,
				4280C0E01F9734DD00075B3A /* TimeSeparatorPresenter.swift in Sources */,
				427D1E571F9656BB002F2CF3 /* DemoTextMessageViewModel.swift in Sources */,
				1696ADC720A0766600EF8C0D /* Utils+SafeSubscript.swift in Sources */,
				423BDA871F97774F00C3EE9B /* ServiceResponse.swift in Sources */,
				1658BA181FD97497005EF9C1 /* Utils+Date.swift in Sources */,
				16FB2DD3204D875400346FA0 /* UIView+Gradient.swift in Sources */,
				427D1E541F965569002F2CF3 /* DataSource.swift in Sources */,
				16277242203C60DB0086127C /* CoreDataHelper+Channel.swift in Sources */,
				16013C7920B214460043EA29 /* AudioBubleView.swift in Sources */,
				16F6FC721FAA235400158615 /* RegistrationViewController.swift in Sources */,
				4280C0D91F97341A00075B3A /* DemoTextMessageHandler.swift in Sources */,
				16FCF2801FE46756000348BC /* Account+CoreDataClass.swift in Sources */,
				16FB2DD1204D846900346FA0 /* TwilioHelper+Message.swift in Sources */,
				423BDA7E1F97602F00C3EE9B /* ChatListCell.swift in Sources */,
				4280C0D51F97341300075B3A /* SendingStatusCollectionViewCell.swift in Sources */,
				4280C0E31F97364F00075B3A /* ChatViewController.swift in Sources */,
				1627723F203C5FB00086127C /* CoreDataHelper+Account.swift in Sources */,
				16BD40CB2147FCE700CE19AC /* UIImage+Resize.swift in Sources */,
				16CA51021FC45E9A0042AF9D /* Start.swift in Sources */,
				429228E41F963DBE00DCECDF /* TwilioHelper.swift in Sources */,
				164E173820AB1BED00AB1AAD /* AudioChatInputItem.swift in Sources */,
				423BDA841F97774F00C3EE9B /* Connection.swift in Sources */,
				1644C07B20B85AC500073D99 /* DemoPhotosChatInputItem.swift in Sources */,
				4280C0CD1F97340B00075B3A /* ChatItemsDemoDecorator.swift in Sources */,
				16FB2DD5204D87F200346FA0 /* UIColor+RGB.swift in Sources */,
				429228E51F963DBE00DCECDF /* TwilioHelper+Delegate.swift in Sources */,
				16FB2DCE204D832F00346FA0 /* TwilioHelper+Channel.swift in Sources */,
				16FCF27E1FE46756000348BC /* Channel+CoreDataClass.swift in Sources */,
				16013C7D20B2C8110043EA29 /* AudioMessageCollectionViewCell.swift in Sources */,
				164E173C20AB297900AB1AAD /* AudioInputView.swift in Sources */,
				16F30D4B1FDAE190006C3DEB /* AuthenticationViewController.swift in Sources */,
				1658BA1D1FD9A8BC005EF9C1 /* InputBar.swift in Sources */,
				16AE1D7A2044315B005DF777 /* DemoPhotoMessageModel.swift in Sources */,
				16277244203C62040086127C /* CoreDataHelper+Messages.swift in Sources */,
				16961B5A203B04A90084086E /* VirgilHelper+SignUp.swift in Sources */,
				16013C7F20B2C99C0043EA29 /* AudioMessagePresenter.swift in Sources */,
				16AE1D7B2044315B005DF777 /* DemoPhotoMessageHandler.swift in Sources */,
				4280C0D41F97341300075B3A /* SendingStatusPresenter.swift in Sources */,
				16013C8320B30A180043EA29 /* DemoAudioMessageViewModel.swift in Sources */,
			);
			runOnlyForDeploymentPostprocessing = 0;
		};
/* End PBXSourcesBuildPhase section */

/* Begin PBXVariantGroup section */
		429228B91F96261000DCECDF /* Main.storyboard */ = {
			isa = PBXVariantGroup;
			children = (
				429228BA1F96261000DCECDF /* Base */,
			);
			name = Main.storyboard;
			sourceTree = "<group>";
		};
		429228BE1F96261000DCECDF /* LaunchScreen.storyboard */ = {
			isa = PBXVariantGroup;
			children = (
				429228BF1F96261000DCECDF /* Base */,
			);
			name = LaunchScreen.storyboard;
			sourceTree = "<group>";
		};
/* End PBXVariantGroup section */

/* Begin XCBuildConfiguration section */
		429228C21F96261000DCECDF /* Debug */ = {
			isa = XCBuildConfiguration;
			buildSettings = {
				ALWAYS_SEARCH_USER_PATHS = NO;
				CLANG_ANALYZER_NONNULL = YES;
				CLANG_ANALYZER_NUMBER_OBJECT_CONVERSION = YES_AGGRESSIVE;
				CLANG_CXX_LANGUAGE_STANDARD = "gnu++14";
				CLANG_CXX_LIBRARY = "libc++";
				CLANG_ENABLE_MODULES = YES;
				CLANG_ENABLE_OBJC_ARC = YES;
				CLANG_WARN_BLOCK_CAPTURE_AUTORELEASING = YES;
				CLANG_WARN_BOOL_CONVERSION = YES;
				CLANG_WARN_COMMA = YES;
				CLANG_WARN_CONSTANT_CONVERSION = YES;
				CLANG_WARN_DEPRECATED_OBJC_IMPLEMENTATIONS = YES;
				CLANG_WARN_DIRECT_OBJC_ISA_USAGE = YES_ERROR;
				CLANG_WARN_DOCUMENTATION_COMMENTS = YES;
				CLANG_WARN_EMPTY_BODY = YES;
				CLANG_WARN_ENUM_CONVERSION = YES;
				CLANG_WARN_INFINITE_RECURSION = YES;
				CLANG_WARN_INT_CONVERSION = YES;
				CLANG_WARN_NON_LITERAL_NULL_CONVERSION = YES;
				CLANG_WARN_OBJC_IMPLICIT_RETAIN_SELF = YES;
				CLANG_WARN_OBJC_LITERAL_CONVERSION = YES;
				CLANG_WARN_OBJC_ROOT_CLASS = YES_ERROR;
				CLANG_WARN_RANGE_LOOP_ANALYSIS = YES;
				CLANG_WARN_STRICT_PROTOTYPES = YES;
				CLANG_WARN_SUSPICIOUS_MOVE = YES;
				CLANG_WARN_UNGUARDED_AVAILABILITY = YES_AGGRESSIVE;
				CLANG_WARN_UNREACHABLE_CODE = YES;
				CLANG_WARN__DUPLICATE_METHOD_MATCH = YES;
				CODE_SIGN_IDENTITY = "iPhone Developer";
				COPY_PHASE_STRIP = NO;
				DEBUG_INFORMATION_FORMAT = dwarf;
				ENABLE_STRICT_OBJC_MSGSEND = YES;
				ENABLE_TESTABILITY = YES;
				GCC_C_LANGUAGE_STANDARD = gnu11;
				GCC_DYNAMIC_NO_PIC = NO;
				GCC_NO_COMMON_BLOCKS = YES;
				GCC_OPTIMIZATION_LEVEL = 0;
				GCC_PREPROCESSOR_DEFINITIONS = (
					"DEBUG=1",
					"$(inherited)",
				);
				GCC_WARN_64_TO_32_BIT_CONVERSION = YES;
				GCC_WARN_ABOUT_RETURN_TYPE = YES_ERROR;
				GCC_WARN_UNDECLARED_SELECTOR = YES;
				GCC_WARN_UNINITIALIZED_AUTOS = YES_AGGRESSIVE;
				GCC_WARN_UNUSED_FUNCTION = YES;
				GCC_WARN_UNUSED_VARIABLE = YES;
				IPHONEOS_DEPLOYMENT_TARGET = 10.0;
				MTL_ENABLE_DEBUG_INFO = YES;
				ONLY_ACTIVE_ARCH = YES;
				SDKROOT = iphoneos;
				SWIFT_ACTIVE_COMPILATION_CONDITIONS = DEBUG;
				SWIFT_OPTIMIZATION_LEVEL = "-Onone";
			};
			name = Debug;
		};
		429228C31F96261000DCECDF /* Release */ = {
			isa = XCBuildConfiguration;
			buildSettings = {
				ALWAYS_SEARCH_USER_PATHS = NO;
				CLANG_ANALYZER_NONNULL = YES;
				CLANG_ANALYZER_NUMBER_OBJECT_CONVERSION = YES_AGGRESSIVE;
				CLANG_CXX_LANGUAGE_STANDARD = "gnu++14";
				CLANG_CXX_LIBRARY = "libc++";
				CLANG_ENABLE_MODULES = YES;
				CLANG_ENABLE_OBJC_ARC = YES;
				CLANG_WARN_BLOCK_CAPTURE_AUTORELEASING = YES;
				CLANG_WARN_BOOL_CONVERSION = YES;
				CLANG_WARN_COMMA = YES;
				CLANG_WARN_CONSTANT_CONVERSION = YES;
				CLANG_WARN_DEPRECATED_OBJC_IMPLEMENTATIONS = YES;
				CLANG_WARN_DIRECT_OBJC_ISA_USAGE = YES_ERROR;
				CLANG_WARN_DOCUMENTATION_COMMENTS = YES;
				CLANG_WARN_EMPTY_BODY = YES;
				CLANG_WARN_ENUM_CONVERSION = YES;
				CLANG_WARN_INFINITE_RECURSION = YES;
				CLANG_WARN_INT_CONVERSION = YES;
				CLANG_WARN_NON_LITERAL_NULL_CONVERSION = YES;
				CLANG_WARN_OBJC_IMPLICIT_RETAIN_SELF = YES;
				CLANG_WARN_OBJC_LITERAL_CONVERSION = YES;
				CLANG_WARN_OBJC_ROOT_CLASS = YES_ERROR;
				CLANG_WARN_RANGE_LOOP_ANALYSIS = YES;
				CLANG_WARN_STRICT_PROTOTYPES = YES;
				CLANG_WARN_SUSPICIOUS_MOVE = YES;
				CLANG_WARN_UNGUARDED_AVAILABILITY = YES_AGGRESSIVE;
				CLANG_WARN_UNREACHABLE_CODE = YES;
				CLANG_WARN__DUPLICATE_METHOD_MATCH = YES;
				CODE_SIGN_IDENTITY = "iPhone Developer";
				COPY_PHASE_STRIP = NO;
				DEBUG_INFORMATION_FORMAT = "dwarf-with-dsym";
				ENABLE_NS_ASSERTIONS = NO;
				ENABLE_STRICT_OBJC_MSGSEND = YES;
				GCC_C_LANGUAGE_STANDARD = gnu11;
				GCC_NO_COMMON_BLOCKS = YES;
				GCC_WARN_64_TO_32_BIT_CONVERSION = YES;
				GCC_WARN_ABOUT_RETURN_TYPE = YES_ERROR;
				GCC_WARN_UNDECLARED_SELECTOR = YES;
				GCC_WARN_UNINITIALIZED_AUTOS = YES_AGGRESSIVE;
				GCC_WARN_UNUSED_FUNCTION = YES;
				GCC_WARN_UNUSED_VARIABLE = YES;
				IPHONEOS_DEPLOYMENT_TARGET = 10.0;
				MTL_ENABLE_DEBUG_INFO = NO;
				SDKROOT = iphoneos;
				SWIFT_OPTIMIZATION_LEVEL = "-Owholemodule";
				VALIDATE_PRODUCT = YES;
			};
			name = Release;
		};
		429228C51F96261000DCECDF /* Debug */ = {
			isa = XCBuildConfiguration;
			buildSettings = {
				ASSETCATALOG_COMPILER_APPICON_NAME = AppIcon;
				CODE_SIGN_IDENTITY = "iPhone Developer";
				"CODE_SIGN_IDENTITY[sdk=iphoneos*]" = "iPhone Developer";
				CODE_SIGN_STYLE = Automatic;
				DEBUG_INFORMATION_FORMAT = "dwarf-with-dsym";
				DEVELOPMENT_TEAM = MS3LY2W55D;
				FRAMEWORK_SEARCH_PATHS = (
					"$(inherited)",
					"$(PROJECT_DIR)/Carthage/Build/iOS",
					"$(PROJECT_DIR)/Frameworks",
					"$(PROJECT_DIR)",
				);
				INFOPLIST_FILE = VirgilMessenger/Info.plist;
				IPHONEOS_DEPLOYMENT_TARGET = 10.0;
				LD_RUNPATH_SEARCH_PATHS = "$(inherited) @executable_path/Frameworks";
				PRODUCT_BUNDLE_IDENTIFIER = com.virgil.VirgilMessenger;
				PRODUCT_NAME = "$(TARGET_NAME)";
				PROVISIONING_PROFILE = "";
				PROVISIONING_PROFILE_SPECIFIER = "";
				SWIFT_VERSION = 4.0;
				TARGETED_DEVICE_FAMILY = 1;
			};
			name = Debug;
		};
		429228C61F96261000DCECDF /* Release */ = {
			isa = XCBuildConfiguration;
			buildSettings = {
				ASSETCATALOG_COMPILER_APPICON_NAME = AppIcon;
				CODE_SIGN_IDENTITY = "iPhone Developer";
				"CODE_SIGN_IDENTITY[sdk=iphoneos*]" = "iPhone Developer";
				CODE_SIGN_STYLE = Automatic;
				DEVELOPMENT_TEAM = MS3LY2W55D;
				FRAMEWORK_SEARCH_PATHS = (
					"$(inherited)",
					"$(PROJECT_DIR)/Carthage/Build/iOS",
					"$(PROJECT_DIR)/Frameworks",
					"$(PROJECT_DIR)",
				);
				INFOPLIST_FILE = VirgilMessenger/Info.plist;
				IPHONEOS_DEPLOYMENT_TARGET = 10.0;
				LD_RUNPATH_SEARCH_PATHS = "$(inherited) @executable_path/Frameworks";
				PRODUCT_BUNDLE_IDENTIFIER = com.virgil.VirgilMessenger;
				PRODUCT_NAME = "$(TARGET_NAME)";
				PROVISIONING_PROFILE = "";
				PROVISIONING_PROFILE_SPECIFIER = "";
				SWIFT_VERSION = 4.0;
				TARGETED_DEVICE_FAMILY = 1;
			};
			name = Release;
		};
/* End XCBuildConfiguration section */

/* Begin XCConfigurationList section */
		429228AD1F96261000DCECDF /* Build configuration list for PBXProject "VirgilMessenger" */ = {
			isa = XCConfigurationList;
			buildConfigurations = (
				429228C21F96261000DCECDF /* Debug */,
				429228C31F96261000DCECDF /* Release */,
			);
			defaultConfigurationIsVisible = 0;
			defaultConfigurationName = Release;
		};
		429228C41F96261000DCECDF /* Build configuration list for PBXNativeTarget "VirgilMessenger" */ = {
			isa = XCConfigurationList;
			buildConfigurations = (
				429228C51F96261000DCECDF /* Debug */,
				429228C61F96261000DCECDF /* Release */,
			);
			defaultConfigurationIsVisible = 0;
			defaultConfigurationName = Release;
		};
/* End XCConfigurationList section */

/* Begin XCVersionGroup section */
		1621B8471FB333B100D1ABC1 /* VirgilMessenger.xcdatamodeld */ = {
			isa = XCVersionGroup;
			children = (
				1621B8481FB333B100D1ABC1 /* VirgilMessenger.xcdatamodel */,
			);
			currentVersion = 1621B8481FB333B100D1ABC1 /* VirgilMessenger.xcdatamodel */;
			path = VirgilMessenger.xcdatamodeld;
			sourceTree = "<group>";
			versionGroupType = wrapper.xcdatamodel;
		};
/* End XCVersionGroup section */
	};
	rootObject = 429228AA1F96261000DCECDF /* Project object */;
}
